<?xml version="1.0" encoding="utf-8"?>
<Project ToolsVersion="4.0" xmlns="http://schemas.microsoft.com/developer/msbuild/2003">
  <ItemGroup>
    <Filter Include="Source Files">
      <UniqueIdentifier>{4FC737F1-C7A5-4376-A066-2A32D752A2FF}</UniqueIdentifier>
      <Extensions>cpp;c;cc;cxx;c++;cppm;ixx;def;odl;idl;hpj;bat;asm;asmx</Extensions>
    </Filter>
    <Filter Include="Header Files">
      <UniqueIdentifier>{93995380-89BD-4b04-88EB-625FBE52EBFB}</UniqueIdentifier>
      <Extensions>h;hh;hpp;hxx;h++;hm;inl;inc;ipp;xsd</Extensions>
    </Filter>
    <Filter Include="Resource Files">
      <UniqueIdentifier>{67DA6AB6-F800-4c08-8B7A-83BB121AAD01}</UniqueIdentifier>
      <Extensions>rc;ico;cur;bmp;dlg;rc2;rct;bin;rgs;gif;jpg;jpeg;jpe;resx;tiff;tif;png;wav;mfcribbon-ms</Extensions>
    </Filter>
    <Filter Include="Source Files\rGUI">
      <UniqueIdentifier>{f4206d0b-ea4a-46c1-aa7c-1c55df3d0ee5}</UniqueIdentifier>
    </Filter>
    <Filter Include="Header Files\rGUI">
      <UniqueIdentifier>{27225483-a3c7-4a6d-9fac-c24a850e21b7}</UniqueIdentifier>
    </Filter>
    <Filter Include="Header Files\rTexture">
      <UniqueIdentifier>{d9a4c078-d3d0-4684-813a-435eac4106d3}</UniqueIdentifier>
    </Filter>
    <Filter Include="Source Files\rTexture">
      <UniqueIdentifier>{f96be62b-5397-4917-b26a-8e86b5a3ec82}</UniqueIdentifier>
    </Filter>
    <Filter Include="Header Files\Utility">
      <UniqueIdentifier>{16c2fe27-1ec2-4cf6-b487-2243da0c6e4d}</UniqueIdentifier>
    </Filter>
    <Filter Include="Source Files\Utility">
      <UniqueIdentifier>{d3b9a520-f586-47c3-beba-7a558bafe14a}</UniqueIdentifier>
    </Filter>
    <Filter Include="Source Files\ImGui">
      <UniqueIdentifier>{d99d1f9f-e002-496f-83ee-4b22052496b2}</UniqueIdentifier>
    </Filter>
    <Filter Include="Header Files\ImGui">
      <UniqueIdentifier>{95de3f57-4dc5-4e20-bc3f-396308f3f352}</UniqueIdentifier>
    </Filter>
    <Filter Include="Header Files\Editor">
      <UniqueIdentifier>{8cd81823-9d20-41c3-a88c-080ac72d27d2}</UniqueIdentifier>
    </Filter>
    <Filter Include="Source Files\Editor">
      <UniqueIdentifier>{6c81b2ac-228d-4016-a9be-db68482c0071}</UniqueIdentifier>
    </Filter>
  </ItemGroup>
  <ItemGroup>
    <None Include="..\README.md">
      <Filter>Resource Files</Filter>
    </None>
    <None Include="gui_object_param_getter.py" />
    <None Include="data\gui_object_param_getter.py" />
  </ItemGroup>
  <ItemGroup>
    <ClCompile Include="Main.cpp">
      <Filter>Source Files</Filter>
    </ClCompile>
    <ClCompile Include="Window.cpp">
      <Filter>Source Files</Filter>
    </ClCompile>
    <ClCompile Include="App.cpp">
      <Filter>Source Files</Filter>
    </ClCompile>
    <ClCompile Include="pch.cpp">
      <Filter>Source Files</Filter>
    </ClCompile>
    <ClCompile Include="GUIAnimation.cpp">
      <Filter>Source Files\rGUI</Filter>
    </ClCompile>
    <ClCompile Include="GUIFile.cpp">
      <Filter>Source Files\rGUI</Filter>
    </ClCompile>
    <ClCompile Include="GUISequence.cpp">
      <Filter>Source Files\rGUI</Filter>
    </ClCompile>
    <ClCompile Include="GUIObject.cpp">
      <Filter>Source Files\rGUI</Filter>
    </ClCompile>
    <ClCompile Include="GUIObjectSequence.cpp">
      <Filter>Source Files\rGUI</Filter>
    </ClCompile>
    <ClCompile Include="GUIInitParam.cpp">
      <Filter>Source Files\rGUI</Filter>
    </ClCompile>
    <ClCompile Include="GUIParam.cpp">
      <Filter>Source Files\rGUI</Filter>
    </ClCompile>
    <ClCompile Include="GUIKey.cpp">
      <Filter>Source Files\rGUI</Filter>
    </ClCompile>
    <ClCompile Include="GUIInstance.cpp">
      <Filter>Source Files\rGUI</Filter>
    </ClCompile>
    <ClCompile Include="GUIFlow.cpp">
      <Filter>Source Files\rGUI</Filter>
    </ClCompile>
    <ClCompile Include="GUIFlowProcess.cpp">
      <Filter>Source Files\rGUI</Filter>
    </ClCompile>
    <ClCompile Include="GUITexture.cpp">
      <Filter>Source Files\rGUI</Filter>
    </ClCompile>
    <ClCompile Include="GUIFontFilter.cpp">
      <Filter>Source Files\rGUI</Filter>
    </ClCompile>
    <ClCompile Include="GUIResource.cpp">
      <Filter>Source Files\rGUI</Filter>
    </ClCompile>
    <ClCompile Include="GUIGeneralResource.cpp">
      <Filter>Source Files\rGUI</Filter>
    </ClCompile>
    <ClCompile Include="GUIMessage.cpp">
      <Filter>Source Files\rGUI</Filter>
    </ClCompile>
    <ClCompile Include="DDSTextureLoader.cpp">
      <Filter>Source Files\rTexture</Filter>
    </ClCompile>
    <ClCompile Include="Texture.cpp">
      <Filter>Source Files\rTexture</Filter>
    </ClCompile>
    <ClCompile Include="ImThemeManager.cpp">
      <Filter>Source Files</Filter>
    </ClCompile>
    <ClCompile Include="Settings.cpp">
      <Filter>Source Files</Filter>
    </ClCompile>
    <ClCompile Include="BinaryReader.cpp">
      <Filter>Source Files\Utility</Filter>
    </ClCompile>
    <ClCompile Include="BinaryWriter.cpp">
      <Filter>Source Files\Utility</Filter>
    </ClCompile>
    <ClCompile Include="StringBuffer.cpp">
      <Filter>Source Files\Utility</Filter>
    </ClCompile>
    <ClCompile Include="GUIVertex.cpp">
      <Filter>Source Files\rGUI</Filter>
    </ClCompile>
    <ClCompile Include="GUIExtendData.cpp">
      <Filter>Source Files\rGUI</Filter>
    </ClCompile>
    <ClCompile Include="Console.cpp">
      <Filter>Source Files\Utility</Filter>
    </ClCompile>
    <ClCompile Include="GroupPanel.cpp">
      <Filter>Source Files\ImGui</Filter>
    </ClCompile>
    <ClCompile Include="RichText.cpp">
      <Filter>Source Files\ImGui</Filter>
    </ClCompile>
    <ClCompile Include="CurveEditor.cpp">
      <Filter>Source Files\ImGui</Filter>
    </ClCompile>
    <ClCompile Include="HrException.cpp">
      <Filter>Source Files\Utility</Filter>
    </ClCompile>
    <ClCompile Include="GUIEditor.cpp">
      <Filter>Source Files\Editor</Filter>
    </ClCompile>
    <ClCompile Include="GUIEditor_TreeViewer.cpp">
      <Filter>Source Files\Editor</Filter>
    </ClCompile>
    <ClCompile Include="GUIEditor_Animation.cpp">
      <Filter>Source Files\Editor</Filter>
    </ClCompile>
    <ClCompile Include="GUIEditor_Sequence.cpp">
      <Filter>Source Files\Editor</Filter>
    </ClCompile>
    <ClCompile Include="GUIEditor_Object.cpp">
      <Filter>Source Files\Editor</Filter>
    </ClCompile>
    <ClCompile Include="GUIEditor_ObjSequence.cpp">
      <Filter>Source Files\Editor</Filter>
    </ClCompile>
    <ClCompile Include="GUIEditor_InitParam.cpp">
      <Filter>Source Files\Editor</Filter>
    </ClCompile>
    <ClCompile Include="GUIEditor_Param.cpp">
      <Filter>Source Files\Editor</Filter>
    </ClCompile>
    <ClCompile Include="GUIEditor_Instance.cpp">
      <Filter>Source Files\Editor</Filter>
    </ClCompile>
    <ClCompile Include="GUIEditor_Key.cpp">
      <Filter>Source Files\Editor</Filter>
    </ClCompile>
    <ClCompile Include="GUIEditor_Overview.cpp">
      <Filter>Source Files\Editor</Filter>
    </ClCompile>
    <ClCompile Include="GUIEditor_ResourceManager.cpp">
      <Filter>Source Files\Editor</Filter>
    </ClCompile>
    <ClCompile Include="GUIEditor_TextureViewer.cpp">
      <Filter>Source Files\Editor</Filter>
    </ClCompile>
    <ClCompile Include="GUIEditor_FontFilter.cpp">
      <Filter>Source Files\Editor</Filter>
    </ClCompile>
    <ClCompile Include="Sampler.cpp">
      <Filter>Source Files\rTexture</Filter>
    </ClCompile>
    <ClCompile Include="Editor.cpp">
      <Filter>Source Files\Editor</Filter>
    </ClCompile>
  </ItemGroup>
  <ItemGroup>
    <ClInclude Include="Window.h">
      <Filter>Header Files</Filter>
    </ClInclude>
    <ClInclude Include="App.h">
      <Filter>Header Files</Filter>
    </ClInclude>
    <ClInclude Include="pch.h">
      <Filter>Header Files</Filter>
    </ClInclude>
    <ClInclude Include="MinWindows.h">
      <Filter>Header Files</Filter>
    </ClInclude>
    <ClInclude Include="dti_types.h">
      <Filter>Header Files</Filter>
    </ClInclude>
    <ClInclude Include="GUIAnimation.h">
      <Filter>Header Files\rGUI</Filter>
    </ClInclude>
    <ClInclude Include="GUIFile.h">
      <Filter>Header Files\rGUI</Filter>
    </ClInclude>
    <ClInclude Include="GUISequence.h">
      <Filter>Header Files\rGUI</Filter>
    </ClInclude>
    <ClInclude Include="GUIObject.h">
      <Filter>Header Files\rGUI</Filter>
    </ClInclude>
    <ClInclude Include="GUIObjectSequence.h">
      <Filter>Header Files\rGUI</Filter>
    </ClInclude>
    <ClInclude Include="GUIInitParam.h">
      <Filter>Header Files\rGUI</Filter>
    </ClInclude>
    <ClInclude Include="GUIParam.h">
      <Filter>Header Files\rGUI</Filter>
    </ClInclude>
    <ClInclude Include="GUIKey.h">
      <Filter>Header Files\rGUI</Filter>
    </ClInclude>
    <ClInclude Include="GUIInstance.h">
      <Filter>Header Files\rGUI</Filter>
    </ClInclude>
    <ClInclude Include="GUIFlow.h">
      <Filter>Header Files\rGUI</Filter>
    </ClInclude>
    <ClInclude Include="GUIFlowProcess.h">
      <Filter>Header Files\rGUI</Filter>
    </ClInclude>
    <ClInclude Include="GUITexture.h">
      <Filter>Header Files\rGUI</Filter>
    </ClInclude>
    <ClInclude Include="GUIFontFilter.h">
      <Filter>Header Files\rGUI</Filter>
    </ClInclude>
    <ClInclude Include="GUIResource.h">
      <Filter>Header Files\rGUI</Filter>
    </ClInclude>
    <ClInclude Include="GUIGeneralResource.h">
      <Filter>Header Files\rGUI</Filter>
    </ClInclude>
    <ClInclude Include="GUITypes.h">
      <Filter>Header Files\rGUI</Filter>
    </ClInclude>
    <ClInclude Include="GUIMessage.h">
      <Filter>Header Files\rGUI</Filter>
    </ClInclude>
    <ClInclude Include="DDSTextureLoader.h">
      <Filter>Header Files\rTexture</Filter>
    </ClInclude>
    <ClInclude Include="Texture.h">
      <Filter>Header Files\rTexture</Filter>
    </ClInclude>
    <ClInclude Include="IconFontAwesome.h">
      <Filter>Header Files</Filter>
    </ClInclude>
    <ClInclude Include="ImThemeManager.h">
      <Filter>Header Files</Filter>
    </ClInclude>
    <ClInclude Include="Settings.h">
      <Filter>Header Files</Filter>
    </ClInclude>
    <ClInclude Include="BinaryReader.h">
      <Filter>Header Files\Utility</Filter>
    </ClInclude>
    <ClInclude Include="BinaryWriter.h">
      <Filter>Header Files\Utility</Filter>
    </ClInclude>
    <ClInclude Include="StringBuffer.h">
      <Filter>Header Files\Utility</Filter>
    </ClInclude>
    <ClInclude Include="GUIVertex.h">
      <Filter>Header Files\rGUI</Filter>
    </ClInclude>
    <ClInclude Include="GUIExtendData.h">
      <Filter>Header Files\rGUI</Filter>
    </ClInclude>
    <ClInclude Include="Console.h">
      <Filter>Header Files\Utility</Filter>
    </ClInclude>
    <ClInclude Include="GroupPanel.h">
      <Filter>Header Files\ImGui</Filter>
    </ClInclude>
    <ClInclude Include="RichText.h">
      <Filter>Header Files\ImGui</Filter>
    </ClInclude>
    <ClInclude Include="CurveEditor.h">
      <Filter>Header Files\ImGui</Filter>
    </ClInclude>
    <ClInclude Include="GUIEditor.h">
      <Filter>Header Files\Editor</Filter>
    </ClInclude>
    <ClInclude Include="crc32.h">
      <Filter>Header Files\Utility</Filter>
    </ClInclude>
    <ClInclude Include="HrException.h">
      <Filter>Header Files\Utility</Filter>
    </ClInclude>
    <ClInclude Include="EditorPath.h">
      <Filter>Header Files\Utility</Filter>
    </ClInclude>
    <ClInclude Include="tegra_swizzle.h">
      <Filter>Header Files\rTexture</Filter>
    </ClInclude>
    <ClInclude Include="Sampler.h">
      <Filter>Header Files\rTexture</Filter>
    </ClInclude>
    <ClInclude Include="Editor.h">
      <Filter>Header Files\Editor</Filter>
    </ClInclude>
  </ItemGroup>
</Project>